{
  "name": "node-red-contrib-ollama",
  "version": "0.1.7",
  "lockfileVersion": 3,
  "requires": true,
  "packages": {
    "": {
      "name": "node-red-contrib-ollama",
      "version": "0.1.7",
      "license": "MIT",
      "dependencies": {
        "ollama": "^0.5.1"
      },
      "engines": {
        "node": ">=18.0.0"
      }
    },
    "node_modules/ollama": {
      "version": "0.5.1",
      "resolved": "https://registry.npmjs.org/ollama/-/ollama-0.5.1.tgz",
      "integrity": "sha512-mAiCHxdvu63E8EFopz0y82QG7rGfYmKAWgmjG2C7soiRuz/Sj3r/ebvCOp+jasiCubqUPE0ZThKT5LR6wrrPtA==",
      "dependencies": {
        "whatwg-fetch": "^3.6.20"
      }
    },
    "node_modules/whatwg-fetch": {
      "version": "3.6.20",
      "resolved": "https://registry.npmjs.org/whatwg-fetch/-/whatwg-fetch-3.6.20.tgz",
      "integrity": "sha512-EqhiFU6daOA8kpjOWTL0olhVOF3i7OrFzSYiGsEMB8GcXS+RrzauAERX65xMeNWVqxA6HXH2m69Z9LaKKdisfg=="
    }
  }
}
